PODS:
  - EnvironmentSwitcher (1.0)

DEPENDENCIES:
  - EnvironmentSwitcher (from `../EnvironmentSwitcher.podspec`)

EXTERNAL SOURCES:
  EnvironmentSwitcher:
    :path: "../EnvironmentSwitcher.podspec"

SPEC CHECKSUMS:
  EnvironmentSwitcher: 96cac3cbf83a6c1993d7c0824b2c494485d0b56a

PODFILE CHECKSUM: 09d90126c1e4d030b563c0dc285f0e93f7befc7c

COCOAPODS: 1.7.4
