// !$*UTF8*$!
{
	archiveVersion = 1;
	classes = {
	};
	objectVersion = 51;
	objects = {

/* Begin PBXBuildFile section */
		7901253822B29745001F86E8 /* AppDelegate.swift in Sources */ = {isa = PBXBuildFile; fileRef = 7901253722B29745001F86E8 /* AppDelegate.swift */; };
		7901253A22B29745001F86E8 /* MainTabController.swift in Sources */ = {isa = PBXBuildFile; fileRef = 7901253922B29745001F86E8 /* MainTabController.swift */; };
		7901253D22B29745001F86E8 /* Main.storyboard in Resources */ = {isa = PBXBuildFile; fileRef = 7901253B22B29745001F86E8 /* Main.storyboard */; };
		7901253F22B29746001F86E8 /* Assets.xcassets in Resources */ = {isa = PBXBuildFile; fileRef = 7901253E22B29746001F86E8 /* Assets.xcassets */; };
		7901254222B29746001F86E8 /* LaunchScreen.storyboard in Resources */ = {isa = PBXBuildFile; fileRef = 7901254022B29746001F86E8 /* LaunchScreen.storyboard */; };
		7901254D22B29746001F86E8 /* EnvironmentSwitcherExampleTests.swift in Sources */ = {isa = PBXBuildFile; fileRef = 7901254C22B29746001F86E8 /* EnvironmentSwitcherExampleTests.swift */; };
		7901255822B29746001F86E8 /* EnvironmentSwitcherExampleUITests.swift in Sources */ = {isa = PBXBuildFile; fileRef = 7901255722B29746001F86E8 /* EnvironmentSwitcherExampleUITests.swift */; };
		7958FCA822B3B88400E389FC /* EnvironmentService.swift in Sources */ = {isa = PBXBuildFile; fileRef = 7958FCA722B3B88400E389FC /* EnvironmentService.swift */; };
		797153C822BBC83F00E1B11D /* EnvironmentService.swift in Sources */ = {isa = PBXBuildFile; fileRef = 7958FCA722B3B88400E389FC /* EnvironmentService.swift */; };
		79A209F822F1B1C800C2369D /* EnvironmentService.swift in Sources */ = {isa = PBXBuildFile; fileRef = 7958FCA722B3B88400E389FC /* EnvironmentService.swift */; };
		79D1A84C22B387CF00977B33 /* SecondTabController.swift in Sources */ = {isa = PBXBuildFile; fileRef = 79D1A84B22B387CF00977B33 /* SecondTabController.swift */; };
		79D1A84E22B387E200977B33 /* ModalController.swift in Sources */ = {isa = PBXBuildFile; fileRef = 79D1A84D22B387E200977B33 /* ModalController.swift */; };
		99060BA7F10BBF5130394170 /* Pods_EnvironmentSwitcherExampleTests.framework in Frameworks */ = {isa = PBXBuildFile; fileRef = 1B8D3B556ED212AEAA768A7D /* Pods_EnvironmentSwitcherExampleTests.framework */; };
		9C82CD36C083E800DA08B0A9 /* Pods_EnvironmentSwitcherExample.framework in Frameworks */ = {isa = PBXBuildFile; fileRef = 025A005ABE1F283A73B0D295 /* Pods_EnvironmentSwitcherExample.framework */; };
		A7AF3145D459BF23006F6A15 /* Pods_EnvironmentSwitcherExampleUITests.framework in Frameworks */ = {isa = PBXBuildFile; fileRef = B1DDBB080FE03E81B4ECBFCF /* Pods_EnvironmentSwitcherExampleUITests.framework */; };
/* End PBXBuildFile section */

/* Begin PBXContainerItemProxy section */
		7901254922B29746001F86E8 /* PBXContainerItemProxy */ = {
			isa = PBXContainerItemProxy;
			containerPortal = 7901252C22B29745001F86E8 /* Project object */;
			proxyType = 1;
			remoteGlobalIDString = 7901253322B29745001F86E8;
			remoteInfo = EnvironmentSwitcherExample;
		};
		7901255422B29746001F86E8 /* PBXContainerItemProxy */ = {
			isa = PBXContainerItemProxy;
			containerPortal = 7901252C22B29745001F86E8 /* Project object */;
			proxyType = 1;
			remoteGlobalIDString = 7901253322B29745001F86E8;
			remoteInfo = EnvironmentSwitcherExample;
		};
/* End PBXContainerItemProxy section */

/* Begin PBXFileReference section */
		025A005ABE1F283A73B0D295 /* Pods_EnvironmentSwitcherExample.framework */ = {isa = PBXFileReference; explicitFileType = wrapper.framework; includeInIndex = 0; path = Pods_EnvironmentSwitcherExample.framework; sourceTree = BUILT_PRODUCTS_DIR; };
		05BAF760B9B7A093DB61EA7D /* Pods-EnvironmentSwitcherExampleTests.debug.xcconfig */ = {isa = PBXFileReference; includeInIndex = 1; lastKnownFileType = text.xcconfig; name = "Pods-EnvironmentSwitcherExampleTests.debug.xcconfig"; path = "Target Support Files/Pods-EnvironmentSwitcherExampleTests/Pods-EnvironmentSwitcherExampleTests.debug.xcconfig"; sourceTree = "<group>"; };
		1B8D3B556ED212AEAA768A7D /* Pods_EnvironmentSwitcherExampleTests.framework */ = {isa = PBXFileReference; explicitFileType = wrapper.framework; includeInIndex = 0; path = Pods_EnvironmentSwitcherExampleTests.framework; sourceTree = BUILT_PRODUCTS_DIR; };
		1CDF8F47F045F90EF111BCA3 /* Pods-EnvironmentSwitcherExampleTests.release.xcconfig */ = {isa = PBXFileReference; includeInIndex = 1; lastKnownFileType = text.xcconfig; name = "Pods-EnvironmentSwitcherExampleTests.release.xcconfig"; path = "Target Support Files/Pods-EnvironmentSwitcherExampleTests/Pods-EnvironmentSwitcherExampleTests.release.xcconfig"; sourceTree = "<group>"; };
		4A1FF7EAA95E6FBA4830ED2D /* Pods-defaults-EnvironmentSwitcherExample.debug.xcconfig */ = {isa = PBXFileReference; includeInIndex = 1; lastKnownFileType = text.xcconfig; name = "Pods-defaults-EnvironmentSwitcherExample.debug.xcconfig"; path = "Target Support Files/Pods-defaults-EnvironmentSwitcherExample/Pods-defaults-EnvironmentSwitcherExample.debug.xcconfig"; sourceTree = "<group>"; };
		7879ED967F5596116AF2F439 /* Pods-EnvironmentSwitcherExampleUITests.debug.xcconfig */ = {isa = PBXFileReference; includeInIndex = 1; lastKnownFileType = text.xcconfig; name = "Pods-EnvironmentSwitcherExampleUITests.debug.xcconfig"; path = "Target Support Files/Pods-EnvironmentSwitcherExampleUITests/Pods-EnvironmentSwitcherExampleUITests.debug.xcconfig"; sourceTree = "<group>"; };
		7901253422B29745001F86E8 /* EnvironmentSwitcherExample.app */ = {isa = PBXFileReference; explicitFileType = wrapper.application; includeInIndex = 0; path = EnvironmentSwitcherExample.app; sourceTree = BUILT_PRODUCTS_DIR; };
		7901253722B29745001F86E8 /* AppDelegate.swift */ = {isa = PBXFileReference; lastKnownFileType = sourcecode.swift; path = AppDelegate.swift; sourceTree = "<group>"; };
		7901253922B29745001F86E8 /* MainTabController.swift */ = {isa = PBXFileReference; lastKnownFileType = sourcecode.swift; path = MainTabController.swift; sourceTree = "<group>"; };
		7901253C22B29745001F86E8 /* Base */ = {isa = PBXFileReference; lastKnownFileType = file.storyboard; name = Base; path = Base.lproj/Main.storyboard; sourceTree = "<group>"; };
		7901253E22B29746001F86E8 /* Assets.xcassets */ = {isa = PBXFileReference; lastKnownFileType = folder.assetcatalog; path = Assets.xcassets; sourceTree = "<group>"; };
		7901254122B29746001F86E8 /* Base */ = {isa = PBXFileReference; lastKnownFileType = file.storyboard; name = Base; path = Base.lproj/LaunchScreen.storyboard; sourceTree = "<group>"; };
		7901254322B29746001F86E8 /* Info.plist */ = {isa = PBXFileReference; lastKnownFileType = text.plist.xml; path = Info.plist; sourceTree = "<group>"; };
		7901254822B29746001F86E8 /* EnvironmentSwitcherExampleTests.xctest */ = {isa = PBXFileReference; explicitFileType = wrapper.cfbundle; includeInIndex = 0; path = EnvironmentSwitcherExampleTests.xctest; sourceTree = BUILT_PRODUCTS_DIR; };
		7901254C22B29746001F86E8 /* EnvironmentSwitcherExampleTests.swift */ = {isa = PBXFileReference; lastKnownFileType = sourcecode.swift; path = EnvironmentSwitcherExampleTests.swift; sourceTree = "<group>"; };
		7901254E22B29746001F86E8 /* Info.plist */ = {isa = PBXFileReference; lastKnownFileType = text.plist.xml; path = Info.plist; sourceTree = "<group>"; };
		7901255322B29746001F86E8 /* EnvironmentSwitcherExampleUITests.xctest */ = {isa = PBXFileReference; explicitFileType = wrapper.cfbundle; includeInIndex = 0; path = EnvironmentSwitcherExampleUITests.xctest; sourceTree = BUILT_PRODUCTS_DIR; };
		7901255722B29746001F86E8 /* EnvironmentSwitcherExampleUITests.swift */ = {isa = PBXFileReference; lastKnownFileType = sourcecode.swift; path = EnvironmentSwitcherExampleUITests.swift; sourceTree = "<group>"; };
		7901255922B29746001F86E8 /* Info.plist */ = {isa = PBXFileReference; lastKnownFileType = text.plist.xml; path = Info.plist; sourceTree = "<group>"; };
		7958FCA722B3B88400E389FC /* EnvironmentService.swift */ = {isa = PBXFileReference; lastKnownFileType = sourcecode.swift; path = EnvironmentService.swift; sourceTree = "<group>"; };
		796F52FC22B7C85A00848F5D /* XCTest.framework */ = {isa = PBXFileReference; lastKnownFileType = wrapper.framework; name = XCTest.framework; path = Platforms/iPhoneOS.platform/Developer/Library/Frameworks/XCTest.framework; sourceTree = DEVELOPER_DIR; };
		79CA644722B7B5F100769B5E /* EnvironmentSwitcher.framework */ = {isa = PBXFileReference; explicitFileType = wrapper.framework; path = EnvironmentSwitcher.framework; sourceTree = BUILT_PRODUCTS_DIR; };
		79CA644922B7B5FA00769B5E /* EnvironmentSwitcher.framework */ = {isa = PBXFileReference; explicitFileType = wrapper.framework; path = EnvironmentSwitcher.framework; sourceTree = BUILT_PRODUCTS_DIR; };
		79CA644B22B7B60000769B5E /* EnvironmentSwitcher.framework */ = {isa = PBXFileReference; explicitFileType = wrapper.framework; path = EnvironmentSwitcher.framework; sourceTree = BUILT_PRODUCTS_DIR; };
		79CA644D22B7B60500769B5E /* Pods_defaults_EnvironmentSwitcherExample.framework */ = {isa = PBXFileReference; explicitFileType = wrapper.framework; path = Pods_defaults_EnvironmentSwitcherExample.framework; sourceTree = BUILT_PRODUCTS_DIR; };
		79CA644F22B7B60E00769B5E /* Pods_defaults_EnvironmentSwitcherExample.framework */ = {isa = PBXFileReference; explicitFileType = wrapper.framework; path = Pods_defaults_EnvironmentSwitcherExample.framework; sourceTree = BUILT_PRODUCTS_DIR; };
		79CA645222B7BC2E00769B5E /* Pods_defaults_EnvironmentSwitcherExample.framework */ = {isa = PBXFileReference; explicitFileType = wrapper.framework; path = Pods_defaults_EnvironmentSwitcherExample.framework; sourceTree = BUILT_PRODUCTS_DIR; };
		79CA645422B7BC3200769B5E /* Pods_defaults_EnvironmentSwitcherExampleTests.framework */ = {isa = PBXFileReference; explicitFileType = wrapper.framework; path = Pods_defaults_EnvironmentSwitcherExampleTests.framework; sourceTree = BUILT_PRODUCTS_DIR; };
		79D1A84B22B387CF00977B33 /* SecondTabController.swift */ = {isa = PBXFileReference; lastKnownFileType = sourcecode.swift; path = SecondTabController.swift; sourceTree = "<group>"; };
		79D1A84D22B387E200977B33 /* ModalController.swift */ = {isa = PBXFileReference; lastKnownFileType = sourcecode.swift; path = ModalController.swift; sourceTree = "<group>"; };
		9C0CEE51393E4B63FB0AF5AD /* Pods-EnvironmentSwitcherExampleUITests.release.xcconfig */ = {isa = PBXFileReference; includeInIndex = 1; lastKnownFileType = text.xcconfig; name = "Pods-EnvironmentSwitcherExampleUITests.release.xcconfig"; path = "Target Support Files/Pods-EnvironmentSwitcherExampleUITests/Pods-EnvironmentSwitcherExampleUITests.release.xcconfig"; sourceTree = "<group>"; };
		B1463547F7E28F4292703C8B /* Pods-EnvironmentSwitcherExample.debug.xcconfig */ = {isa = PBXFileReference; includeInIndex = 1; lastKnownFileType = text.xcconfig; name = "Pods-EnvironmentSwitcherExample.debug.xcconfig"; path = "Target Support Files/Pods-EnvironmentSwitcherExample/Pods-EnvironmentSwitcherExample.debug.xcconfig"; sourceTree = "<group>"; };
		B1DDBB080FE03E81B4ECBFCF /* Pods_EnvironmentSwitcherExampleUITests.framework */ = {isa = PBXFileReference; explicitFileType = wrapper.framework; includeInIndex = 0; path = Pods_EnvironmentSwitcherExampleUITests.framework; sourceTree = BUILT_PRODUCTS_DIR; };
		CAA896F77E64B5D8CC9A5ECE /* Pods_defaults_EnvironmentSwitcherExample.framework */ = {isa = PBXFileReference; explicitFileType = wrapper.framework; includeInIndex = 0; path = Pods_defaults_EnvironmentSwitcherExample.framework; sourceTree = BUILT_PRODUCTS_DIR; };
		E1EEFC4FC0A7BC99ABFC6BAE /* Pods-EnvironmentSwitcherExample.release.xcconfig */ = {isa = PBXFileReference; includeInIndex = 1; lastKnownFileType = text.xcconfig; name = "Pods-EnvironmentSwitcherExample.release.xcconfig"; path = "Target Support Files/Pods-EnvironmentSwitcherExample/Pods-EnvironmentSwitcherExample.release.xcconfig"; sourceTree = "<group>"; };
		E845F88BB18437BF8C67C93C /* Pods_defaults_EnvironmentSwitcherExampleTests.framework */ = {isa = PBXFileReference; explicitFileType = wrapper.framework; includeInIndex = 0; path = Pods_defaults_EnvironmentSwitcherExampleTests.framework; sourceTree = BUILT_PRODUCTS_DIR; };
		E98E42A88AD04382DC65C74D /* Pods-defaults-EnvironmentSwitcherExample.release.xcconfig */ = {isa = PBXFileReference; includeInIndex = 1; lastKnownFileType = text.xcconfig; name = "Pods-defaults-EnvironmentSwitcherExample.release.xcconfig"; path = "Target Support Files/Pods-defaults-EnvironmentSwitcherExample/Pods-defaults-EnvironmentSwitcherExample.release.xcconfig"; sourceTree = "<group>"; };
/* End PBXFileReference section */

/* Begin PBXFrameworksBuildPhase section */
		7901253122B29745001F86E8 /* Frameworks */ = {
			isa = PBXFrameworksBuildPhase;
			buildActionMask = 2147483647;
			files = (
				9C82CD36C083E800DA08B0A9 /* Pods_EnvironmentSwitcherExample.framework in Frameworks */,
			);
			runOnlyForDeploymentPostprocessing = 0;
		};
		7901254522B29746001F86E8 /* Frameworks */ = {
			isa = PBXFrameworksBuildPhase;
			buildActionMask = 2147483647;
			files = (
				99060BA7F10BBF5130394170 /* Pods_EnvironmentSwitcherExampleTests.framework in Frameworks */,
			);
			runOnlyForDeploymentPostprocessing = 0;
		};
		7901255022B29746001F86E8 /* Frameworks */ = {
			isa = PBXFrameworksBuildPhase;
			buildActionMask = 2147483647;
			files = (
				A7AF3145D459BF23006F6A15 /* Pods_EnvironmentSwitcherExampleUITests.framework in Frameworks */,
			);
			runOnlyForDeploymentPostprocessing = 0;
		};
/* End PBXFrameworksBuildPhase section */

/* Begin PBXGroup section */
		1CC0CA965C72A16A94AB69FC /* Frameworks */ = {
			isa = PBXGroup;
			children = (
				796F52FC22B7C85A00848F5D /* XCTest.framework */,
				79CA645422B7BC3200769B5E /* Pods_defaults_EnvironmentSwitcherExampleTests.framework */,
				79CA645222B7BC2E00769B5E /* Pods_defaults_EnvironmentSwitcherExample.framework */,
				79CA644F22B7B60E00769B5E /* Pods_defaults_EnvironmentSwitcherExample.framework */,
				79CA644D22B7B60500769B5E /* Pods_defaults_EnvironmentSwitcherExample.framework */,
				79CA644B22B7B60000769B5E /* EnvironmentSwitcher.framework */,
				79CA644922B7B5FA00769B5E /* EnvironmentSwitcher.framework */,
				79CA644722B7B5F100769B5E /* EnvironmentSwitcher.framework */,
				CAA896F77E64B5D8CC9A5ECE /* Pods_defaults_EnvironmentSwitcherExample.framework */,
				E845F88BB18437BF8C67C93C /* Pods_defaults_EnvironmentSwitcherExampleTests.framework */,
				025A005ABE1F283A73B0D295 /* Pods_EnvironmentSwitcherExample.framework */,
				1B8D3B556ED212AEAA768A7D /* Pods_EnvironmentSwitcherExampleTests.framework */,
				B1DDBB080FE03E81B4ECBFCF /* Pods_EnvironmentSwitcherExampleUITests.framework */,
			);
			name = Frameworks;
			sourceTree = "<group>";
		};
		7901252B22B29745001F86E8 = {
			isa = PBXGroup;
			children = (
				7901253622B29745001F86E8 /* EnvironmentSwitcherExample */,
				7901254B22B29746001F86E8 /* EnvironmentSwitcherExampleTests */,
				7901255622B29746001F86E8 /* EnvironmentSwitcherExampleUITests */,
				7901253522B29745001F86E8 /* Products */,
				D6EF631246D91F6F345F1A5D /* Pods */,
				1CC0CA965C72A16A94AB69FC /* Frameworks */,
			);
			sourceTree = "<group>";
		};
		7901253522B29745001F86E8 /* Products */ = {
			isa = PBXGroup;
			children = (
				7901253422B29745001F86E8 /* EnvironmentSwitcherExample.app */,
				7901254822B29746001F86E8 /* EnvironmentSwitcherExampleTests.xctest */,
				7901255322B29746001F86E8 /* EnvironmentSwitcherExampleUITests.xctest */,
			);
			name = Products;
			sourceTree = "<group>";
		};
		7901253622B29745001F86E8 /* EnvironmentSwitcherExample */ = {
			isa = PBXGroup;
			children = (
				7958FCA622B3B86700E389FC /* Services */,
				79D1A84A22B3873900977B33 /* Controllers */,
				7901253722B29745001F86E8 /* AppDelegate.swift */,
				7901253B22B29745001F86E8 /* Main.storyboard */,
				7901253E22B29746001F86E8 /* Assets.xcassets */,
				7901254022B29746001F86E8 /* LaunchScreen.storyboard */,
				7901254322B29746001F86E8 /* Info.plist */,
			);
			path = EnvironmentSwitcherExample;
			sourceTree = "<group>";
		};
		7901254B22B29746001F86E8 /* EnvironmentSwitcherExampleTests */ = {
			isa = PBXGroup;
			children = (
				7901254C22B29746001F86E8 /* EnvironmentSwitcherExampleTests.swift */,
				7901254E22B29746001F86E8 /* Info.plist */,
			);
			path = EnvironmentSwitcherExampleTests;
			sourceTree = "<group>";
		};
		7901255622B29746001F86E8 /* EnvironmentSwitcherExampleUITests */ = {
			isa = PBXGroup;
			children = (
				7901255722B29746001F86E8 /* EnvironmentSwitcherExampleUITests.swift */,
				7901255922B29746001F86E8 /* Info.plist */,
			);
			path = EnvironmentSwitcherExampleUITests;
			sourceTree = "<group>";
		};
		7958FCA622B3B86700E389FC /* Services */ = {
			isa = PBXGroup;
			children = (
				7958FCA722B3B88400E389FC /* EnvironmentService.swift */,
			);
			path = Services;
			sourceTree = "<group>";
		};
		79D1A84A22B3873900977B33 /* Controllers */ = {
			isa = PBXGroup;
			children = (
				7901253922B29745001F86E8 /* MainTabController.swift */,
				79D1A84B22B387CF00977B33 /* SecondTabController.swift */,
				79D1A84D22B387E200977B33 /* ModalController.swift */,
			);
			path = Controllers;
			sourceTree = "<group>";
		};
		D6EF631246D91F6F345F1A5D /* Pods */ = {
			isa = PBXGroup;
			children = (
				4A1FF7EAA95E6FBA4830ED2D /* Pods-defaults-EnvironmentSwitcherExample.debug.xcconfig */,
				E98E42A88AD04382DC65C74D /* Pods-defaults-EnvironmentSwitcherExample.release.xcconfig */,
				B1463547F7E28F4292703C8B /* Pods-EnvironmentSwitcherExample.debug.xcconfig */,
				E1EEFC4FC0A7BC99ABFC6BAE /* Pods-EnvironmentSwitcherExample.release.xcconfig */,
				05BAF760B9B7A093DB61EA7D /* Pods-EnvironmentSwitcherExampleTests.debug.xcconfig */,
				1CDF8F47F045F90EF111BCA3 /* Pods-EnvironmentSwitcherExampleTests.release.xcconfig */,
				7879ED967F5596116AF2F439 /* Pods-EnvironmentSwitcherExampleUITests.debug.xcconfig */,
				9C0CEE51393E4B63FB0AF5AD /* Pods-EnvironmentSwitcherExampleUITests.release.xcconfig */,
			);
			path = Pods;
			sourceTree = "<group>";
		};
/* End PBXGroup section */

/* Begin PBXNativeTarget section */
		7901253322B29745001F86E8 /* EnvironmentSwitcherExample */ = {
			isa = PBXNativeTarget;
			buildConfigurationList = 7901255C22B29746001F86E8 /* Build configuration list for PBXNativeTarget "EnvironmentSwitcherExample" */;
			buildPhases = (
				4B415B935D6404E72AC5AAE6 /* [CP] Check Pods Manifest.lock */,
				7901253022B29745001F86E8 /* Sources */,
				7901253122B29745001F86E8 /* Frameworks */,
				7901253222B29745001F86E8 /* Resources */,
				EB750F8E7A018DDA7B5D715A /* [CP] Embed Pods Frameworks */,
				7928B5EC22F2F36800274A55 /* SwiftLint */,
			);
			buildRules = (
			);
			dependencies = (
			);
			name = EnvironmentSwitcherExample;
			productName = EnvironmentSwitcherExample;
			productReference = 7901253422B29745001F86E8 /* EnvironmentSwitcherExample.app */;
			productType = "com.apple.product-type.application";
		};
		7901254722B29746001F86E8 /* EnvironmentSwitcherExampleTests */ = {
			isa = PBXNativeTarget;
			buildConfigurationList = 7901255F22B29746001F86E8 /* Build configuration list for PBXNativeTarget "EnvironmentSwitcherExampleTests" */;
			buildPhases = (
				BEB8F07BABF9FE926EFEBD67 /* [CP] Check Pods Manifest.lock */,
				7901254422B29746001F86E8 /* Sources */,
				7901254522B29746001F86E8 /* Frameworks */,
				7901254622B29746001F86E8 /* Resources */,
				8754E84109C412603530AD16 /* [CP] Embed Pods Frameworks */,
			);
			buildRules = (
			);
			dependencies = (
				7901254A22B29746001F86E8 /* PBXTargetDependency */,
			);
			name = EnvironmentSwitcherExampleTests;
			productName = EnvironmentSwitcherExampleTests;
			productReference = 7901254822B29746001F86E8 /* EnvironmentSwitcherExampleTests.xctest */;
			productType = "com.apple.product-type.bundle.unit-test";
		};
		7901255222B29746001F86E8 /* EnvironmentSwitcherExampleUITests */ = {
			isa = PBXNativeTarget;
			buildConfigurationList = 7901256222B29746001F86E8 /* Build configuration list for PBXNativeTarget "EnvironmentSwitcherExampleUITests" */;
			buildPhases = (
				93AE7BA5C87EA1667BA5121E /* [CP] Check Pods Manifest.lock */,
				7901254F22B29746001F86E8 /* Sources */,
				7901255022B29746001F86E8 /* Frameworks */,
				7901255122B29746001F86E8 /* Resources */,
				40A9D85F8F8DB1916613EC2C /* [CP] Embed Pods Frameworks */,
			);
			buildRules = (
			);
			dependencies = (
				7901255522B29746001F86E8 /* PBXTargetDependency */,
			);
			name = EnvironmentSwitcherExampleUITests;
			productName = EnvironmentSwitcherExampleUITests;
			productReference = 7901255322B29746001F86E8 /* EnvironmentSwitcherExampleUITests.xctest */;
			productType = "com.apple.product-type.bundle.ui-testing";
		};
/* End PBXNativeTarget section */

/* Begin PBXProject section */
		7901252C22B29745001F86E8 /* Project object */ = {
			isa = PBXProject;
			attributes = {
				LastSwiftUpdateCheck = 1020;
				LastUpgradeCheck = 1020;
				ORGANIZATIONNAME = AERO;
				TargetAttributes = {
					7901253322B29745001F86E8 = {
						CreatedOnToolsVersion = 10.2.1;
					};
					7901254722B29746001F86E8 = {
						CreatedOnToolsVersion = 10.2.1;
						TestTargetID = 7901253322B29745001F86E8;
					};
					7901255222B29746001F86E8 = {
						CreatedOnToolsVersion = 10.2.1;
						TestTargetID = 7901253322B29745001F86E8;
					};
				};
			};
			buildConfigurationList = 7901252F22B29745001F86E8 /* Build configuration list for PBXProject "EnvironmentSwitcherExample" */;
			compatibilityVersion = "Xcode 10.0";
			developmentRegion = en;
			hasScannedForEncodings = 0;
			knownRegions = (
				en,
				Base,
			);
			mainGroup = 7901252B22B29745001F86E8;
			productRefGroup = 7901253522B29745001F86E8 /* Products */;
			projectDirPath = "";
			projectRoot = "";
			targets = (
				7901253322B29745001F86E8 /* EnvironmentSwitcherExample */,
				7901254722B29746001F86E8 /* EnvironmentSwitcherExampleTests */,
				7901255222B29746001F86E8 /* EnvironmentSwitcherExampleUITests */,
			);
		};
/* End PBXProject section */

/* Begin PBXResourcesBuildPhase section */
		7901253222B29745001F86E8 /* Resources */ = {
			isa = PBXResourcesBuildPhase;
			buildActionMask = 2147483647;
			files = (
				7901254222B29746001F86E8 /* LaunchScreen.storyboard in Resources */,
				7901253F22B29746001F86E8 /* Assets.xcassets in Resources */,
				7901253D22B29745001F86E8 /* Main.storyboard in Resources */,
			);
			runOnlyForDeploymentPostprocessing = 0;
		};
		7901254622B29746001F86E8 /* Resources */ = {
			isa = PBXResourcesBuildPhase;
			buildActionMask = 2147483647;
			files = (
			);
			runOnlyForDeploymentPostprocessing = 0;
		};
		7901255122B29746001F86E8 /* Resources */ = {
			isa = PBXResourcesBuildPhase;
			buildActionMask = 2147483647;
			files = (
			);
			runOnlyForDeploymentPostprocessing = 0;
		};
/* End PBXResourcesBuildPhase section */

/* Begin PBXShellScriptBuildPhase section */
		40A9D85F8F8DB1916613EC2C /* [CP] Embed Pods Frameworks */ = {
			isa = PBXShellScriptBuildPhase;
			buildActionMask = 2147483647;
			files = (
			);
			inputFileListPaths = (
				"${PODS_ROOT}/Target Support Files/Pods-EnvironmentSwitcherExampleUITests/Pods-EnvironmentSwitcherExampleUITests-frameworks-${CONFIGURATION}-input-files.xcfilelist",
			);
			name = "[CP] Embed Pods Frameworks";
			outputFileListPaths = (
				"${PODS_ROOT}/Target Support Files/Pods-EnvironmentSwitcherExampleUITests/Pods-EnvironmentSwitcherExampleUITests-frameworks-${CONFIGURATION}-output-files.xcfilelist",
			);
			runOnlyForDeploymentPostprocessing = 0;
			shellPath = /bin/sh;
			shellScript = "\"${PODS_ROOT}/Target Support Files/Pods-EnvironmentSwitcherExampleUITests/Pods-EnvironmentSwitcherExampleUITests-frameworks.sh\"\n";
			showEnvVarsInLog = 0;
		};
		4B415B935D6404E72AC5AAE6 /* [CP] Check Pods Manifest.lock */ = {
			isa = PBXShellScriptBuildPhase;
			buildActionMask = 2147483647;
			files = (
			);
			inputFileListPaths = (
			);
			inputPaths = (
				"${PODS_PODFILE_DIR_PATH}/Podfile.lock",
				"${PODS_ROOT}/Manifest.lock",
			);
			name = "[CP] Check Pods Manifest.lock";
			outputFileListPaths = (
			);
			outputPaths = (
				"$(DERIVED_FILE_DIR)/Pods-EnvironmentSwitcherExample-checkManifestLockResult.txt",
			);
			runOnlyForDeploymentPostprocessing = 0;
			shellPath = /bin/sh;
			shellScript = "diff \"${PODS_PODFILE_DIR_PATH}/Podfile.lock\" \"${PODS_ROOT}/Manifest.lock\" > /dev/null\nif [ $? != 0 ] ; then\n    # print error to STDERR\n    echo \"error: The sandbox is not in sync with the Podfile.lock. Run 'pod install' or update your CocoaPods installation.\" >&2\n    exit 1\nfi\n# This output is used by Xcode 'outputs' to avoid re-running this script phase.\necho \"SUCCESS\" > \"${SCRIPT_OUTPUT_FILE_0}\"\n";
			showEnvVarsInLog = 0;
		};
		7928B5EC22F2F36800274A55 /* SwiftLint */ = {
			isa = PBXShellScriptBuildPhase;
			buildActionMask = 2147483647;
			files = (
			);
			inputFileListPaths = (
			);
			inputPaths = (
			);
			name = SwiftLint;
			outputFileListPaths = (
			);
			outputPaths = (
			);
			runOnlyForDeploymentPostprocessing = 0;
			shellPath = /bin/sh;
			shellScript = "# Type a script or drag a script file from your workspace to insert its path.\nif which swiftlint >/dev/null; then\nswiftlint --config .swiftlint.yml\nelse\necho \"warning: SwiftLint not installed, download from https://github.com/realm/SwiftLint\"\nfi\n";
		};
		8754E84109C412603530AD16 /* [CP] Embed Pods Frameworks */ = {
			isa = PBXShellScriptBuildPhase;
			buildActionMask = 2147483647;
			files = (
			);
			inputFileListPaths = (
				"${PODS_ROOT}/Target Support Files/Pods-EnvironmentSwitcherExampleTests/Pods-EnvironmentSwitcherExampleTests-frameworks-${CONFIGURATION}-input-files.xcfilelist",
			);
			name = "[CP] Embed Pods Frameworks";
			outputFileListPaths = (
				"${PODS_ROOT}/Target Support Files/Pods-EnvironmentSwitcherExampleTests/Pods-EnvironmentSwitcherExampleTests-frameworks-${CONFIGURATION}-output-files.xcfilelist",
			);
			runOnlyForDeploymentPostprocessing = 0;
			shellPath = /bin/sh;
			shellScript = "\"${PODS_ROOT}/Target Support Files/Pods-EnvironmentSwitcherExampleTests/Pods-EnvironmentSwitcherExampleTests-frameworks.sh\"\n";
			showEnvVarsInLog = 0;
		};
		93AE7BA5C87EA1667BA5121E /* [CP] Check Pods Manifest.lock */ = {
			isa = PBXShellScriptBuildPhase;
			buildActionMask = 2147483647;
			files = (
			);
			inputFileListPaths = (
			);
			inputPaths = (
				"${PODS_PODFILE_DIR_PATH}/Podfile.lock",
				"${PODS_ROOT}/Manifest.lock",
			);
			name = "[CP] Check Pods Manifest.lock";
			outputFileListPaths = (
			);
			outputPaths = (
				"$(DERIVED_FILE_DIR)/Pods-EnvironmentSwitcherExampleUITests-checkManifestLockResult.txt",
			);
			runOnlyForDeploymentPostprocessing = 0;
			shellPath = /bin/sh;
			shellScript = "diff \"${PODS_PODFILE_DIR_PATH}/Podfile.lock\" \"${PODS_ROOT}/Manifest.lock\" > /dev/null\nif [ $? != 0 ] ; then\n    # print error to STDERR\n    echo \"error: The sandbox is not in sync with the Podfile.lock. Run 'pod install' or update your CocoaPods installation.\" >&2\n    exit 1\nfi\n# This output is used by Xcode 'outputs' to avoid re-running this script phase.\necho \"SUCCESS\" > \"${SCRIPT_OUTPUT_FILE_0}\"\n";
			showEnvVarsInLog = 0;
		};
		BEB8F07BABF9FE926EFEBD67 /* [CP] Check Pods Manifest.lock */ = {
			isa = PBXShellScriptBuildPhase;
			buildActionMask = 2147483647;
			files = (
			);
			inputFileListPaths = (
			);
			inputPaths = (
				"${PODS_PODFILE_DIR_PATH}/Podfile.lock",
				"${PODS_ROOT}/Manifest.lock",
			);
			name = "[CP] Check Pods Manifest.lock";
			outputFileListPaths = (
			);
			outputPaths = (
				"$(DERIVED_FILE_DIR)/Pods-EnvironmentSwitcherExampleTests-checkManifestLockResult.txt",
			);
			runOnlyForDeploymentPostprocessing = 0;
			shellPath = /bin/sh;
			shellScript = "diff \"${PODS_PODFILE_DIR_PATH}/Podfile.lock\" \"${PODS_ROOT}/Manifest.lock\" > /dev/null\nif [ $? != 0 ] ; then\n    # print error to STDERR\n    echo \"error: The sandbox is not in sync with the Podfile.lock. Run 'pod install' or update your CocoaPods installation.\" >&2\n    exit 1\nfi\n# This output is used by Xcode 'outputs' to avoid re-running this script phase.\necho \"SUCCESS\" > \"${SCRIPT_OUTPUT_FILE_0}\"\n";
			showEnvVarsInLog = 0;
		};
		EB750F8E7A018DDA7B5D715A /* [CP] Embed Pods Frameworks */ = {
			isa = PBXShellScriptBuildPhase;
			buildActionMask = 2147483647;
			files = (
			);
			inputFileListPaths = (
				"${PODS_ROOT}/Target Support Files/Pods-EnvironmentSwitcherExample/Pods-EnvironmentSwitcherExample-frameworks-${CONFIGURATION}-input-files.xcfilelist",
			);
			name = "[CP] Embed Pods Frameworks";
			outputFileListPaths = (
				"${PODS_ROOT}/Target Support Files/Pods-EnvironmentSwitcherExample/Pods-EnvironmentSwitcherExample-frameworks-${CONFIGURATION}-output-files.xcfilelist",
			);
			runOnlyForDeploymentPostprocessing = 0;
			shellPath = /bin/sh;
			shellScript = "\"${PODS_ROOT}/Target Support Files/Pods-EnvironmentSwitcherExample/Pods-EnvironmentSwitcherExample-frameworks.sh\"\n";
			showEnvVarsInLog = 0;
		};
/* End PBXShellScriptBuildPhase section */

/* Begin PBXSourcesBuildPhase section */
		7901253022B29745001F86E8 /* Sources */ = {
			isa = PBXSourcesBuildPhase;
			buildActionMask = 2147483647;
			files = (
				7901253A22B29745001F86E8 /* MainTabController.swift in Sources */,
				79D1A84E22B387E200977B33 /* ModalController.swift in Sources */,
				7958FCA822B3B88400E389FC /* EnvironmentService.swift in Sources */,
				79D1A84C22B387CF00977B33 /* SecondTabController.swift in Sources */,
				7901253822B29745001F86E8 /* AppDelegate.swift in Sources */,
			);
			runOnlyForDeploymentPostprocessing = 0;
		};
		7901254422B29746001F86E8 /* Sources */ = {
			isa = PBXSourcesBuildPhase;
			buildActionMask = 2147483647;
			files = (
				7901254D22B29746001F86E8 /* EnvironmentSwitcherExampleTests.swift in Sources */,
				797153C822BBC83F00E1B11D /* EnvironmentService.swift in Sources */,
			);
			runOnlyForDeploymentPostprocessing = 0;
		};
		7901254F22B29746001F86E8 /* Sources */ = {
			isa = PBXSourcesBuildPhase;
			buildActionMask = 2147483647;
			files = (
				7901255822B29746001F86E8 /* EnvironmentSwitcherExampleUITests.swift in Sources */,
				79A209F822F1B1C800C2369D /* EnvironmentService.swift in Sources */,
			);
			runOnlyForDeploymentPostprocessing = 0;
		};
/* End PBXSourcesBuildPhase section */

/* Begin PBXTargetDependency section */
		7901254A22B29746001F86E8 /* PBXTargetDependency */ = {
			isa = PBXTargetDependency;
			target = 7901253322B29745001F86E8 /* EnvironmentSwitcherExample */;
			targetProxy = 7901254922B29746001F86E8 /* PBXContainerItemProxy */;
		};
		7901255522B29746001F86E8 /* PBXTargetDependency */ = {
			isa = PBXTargetDependency;
			target = 7901253322B29745001F86E8 /* EnvironmentSwitcherExample */;
			targetProxy = 7901255422B29746001F86E8 /* PBXContainerItemProxy */;
		};
/* End PBXTargetDependency section */

/* Begin PBXVariantGroup section */
		7901253B22B29745001F86E8 /* Main.storyboard */ = {
			isa = PBXVariantGroup;
			children = (
				7901253C22B29745001F86E8 /* Base */,
			);
			name = Main.storyboard;
			sourceTree = "<group>";
		};
		7901254022B29746001F86E8 /* LaunchScreen.storyboard */ = {
			isa = PBXVariantGroup;
			children = (
				7901254122B29746001F86E8 /* Base */,
			);
			name = LaunchScreen.storyboard;
			sourceTree = "<group>";
		};
/* End PBXVariantGroup section */

/* Begin XCBuildConfiguration section */
		7901255A22B29746001F86E8 /* Debug */ = {
			isa = XCBuildConfiguration;
			buildSettings = {
				ALWAYS_EMBED_SWIFT_STANDARD_LIBRARIES = YES;
				ALWAYS_SEARCH_USER_PATHS = NO;
				CLANG_ANALYZER_NONNULL = YES;
				CLANG_ANALYZER_NUMBER_OBJECT_CONVERSION = YES_AGGRESSIVE;
				CLANG_CXX_LANGUAGE_STANDARD = "gnu++14";
				CLANG_CXX_LIBRARY = "libc++";
				CLANG_ENABLE_MODULES = YES;
				CLANG_ENABLE_OBJC_ARC = YES;
				CLANG_ENABLE_OBJC_WEAK = YES;
				CLANG_WARN_BLOCK_CAPTURE_AUTORELEASING = YES;
				CLANG_WARN_BOOL_CONVERSION = YES;
				CLANG_WARN_COMMA = YES;
				CLANG_WARN_CONSTANT_CONVERSION = YES;
				CLANG_WARN_DEPRECATED_OBJC_IMPLEMENTATIONS = YES;
				CLANG_WARN_DIRECT_OBJC_ISA_USAGE = YES_ERROR;
				CLANG_WARN_DOCUMENTATION_COMMENTS = YES;
				CLANG_WARN_EMPTY_BODY = YES;
				CLANG_WARN_ENUM_CONVERSION = YES;
				CLANG_WARN_INFINITE_RECURSION = YES;
				CLANG_WARN_INT_CONVERSION = YES;
				CLANG_WARN_NON_LITERAL_NULL_CONVERSION = YES;
				CLANG_WARN_OBJC_IMPLICIT_RETAIN_SELF = YES;
				CLANG_WARN_OBJC_LITERAL_CONVERSION = YES;
				CLANG_WARN_OBJC_ROOT_CLASS = YES_ERROR;
				CLANG_WARN_RANGE_LOOP_ANALYSIS = YES;
				CLANG_WARN_STRICT_PROTOTYPES = YES;
				CLANG_WARN_SUSPICIOUS_MOVE = YES;
				CLANG_WARN_UNGUARDED_AVAILABILITY = YES_AGGRESSIVE;
				CLANG_WARN_UNREACHABLE_CODE = YES;
				CLANG_WARN__DUPLICATE_METHOD_MATCH = YES;
				CODE_SIGN_IDENTITY = "iPhone Developer";
				COPY_PHASE_STRIP = NO;
				DEBUG_INFORMATION_FORMAT = dwarf;
				ENABLE_STRICT_OBJC_MSGSEND = YES;
				ENABLE_TESTABILITY = YES;
				GCC_C_LANGUAGE_STANDARD = gnu11;
				GCC_DYNAMIC_NO_PIC = NO;
				GCC_NO_COMMON_BLOCKS = YES;
				GCC_OPTIMIZATION_LEVEL = 0;
				GCC_PREPROCESSOR_DEFINITIONS = (
					"DEBUG=1",
					"$(inherited)",
				);
				GCC_WARN_64_TO_32_BIT_CONVERSION = YES;
				GCC_WARN_ABOUT_RETURN_TYPE = YES_ERROR;
				GCC_WARN_UNDECLARED_SELECTOR = YES;
				GCC_WARN_UNINITIALIZED_AUTOS = YES_AGGRESSIVE;
				GCC_WARN_UNUSED_FUNCTION = YES;
				GCC_WARN_UNUSED_VARIABLE = YES;
				IPHONEOS_DEPLOYMENT_TARGET = 10.0;
				MTL_ENABLE_DEBUG_INFO = INCLUDE_SOURCE;
				MTL_FAST_MATH = YES;
				ONLY_ACTIVE_ARCH = YES;
				SDKROOT = iphoneos;
				SWIFT_ACTIVE_COMPILATION_CONDITIONS = DEBUG;
				SWIFT_OPTIMIZATION_LEVEL = "-Onone";
				SWIFT_VERSION = 5.0;
			};
			name = Debug;
		};
		7901255B22B29746001F86E8 /* Release */ = {
			isa = XCBuildConfiguration;
			buildSettings = {
				ALWAYS_EMBED_SWIFT_STANDARD_LIBRARIES = YES;
				ALWAYS_SEARCH_USER_PATHS = NO;
				CLANG_ANALYZER_NONNULL = YES;
				CLANG_ANALYZER_NUMBER_OBJECT_CONVERSION = YES_AGGRESSIVE;
				CLANG_CXX_LANGUAGE_STANDARD = "gnu++14";
				CLANG_CXX_LIBRARY = "libc++";
				CLANG_ENABLE_MODULES = YES;
				CLANG_ENABLE_OBJC_ARC = YES;
				CLANG_ENABLE_OBJC_WEAK = YES;
				CLANG_WARN_BLOCK_CAPTURE_AUTORELEASING = YES;
				CLANG_WARN_BOOL_CONVERSION = YES;
				CLANG_WARN_COMMA = YES;
				CLANG_WARN_CONSTANT_CONVERSION = YES;
				CLANG_WARN_DEPRECATED_OBJC_IMPLEMENTATIONS = YES;
				CLANG_WARN_DIRECT_OBJC_ISA_USAGE = YES_ERROR;
				CLANG_WARN_DOCUMENTATION_COMMENTS = YES;
				CLANG_WARN_EMPTY_BODY = YES;
				CLANG_WARN_ENUM_CONVERSION = YES;
				CLANG_WARN_INFINITE_RECURSION = YES;
				CLANG_WARN_INT_CONVERSION = YES;
				CLANG_WARN_NON_LITERAL_NULL_CONVERSION = YES;
				CLANG_WARN_OBJC_IMPLICIT_RETAIN_SELF = YES;
				CLANG_WARN_OBJC_LITERAL_CONVERSION = YES;
				CLANG_WARN_OBJC_ROOT_CLASS = YES_ERROR;
				CLANG_WARN_RANGE_LOOP_ANALYSIS = YES;
				CLANG_WARN_STRICT_PROTOTYPES = YES;
				CLANG_WARN_SUSPICIOUS_MOVE = YES;
				CLANG_WARN_UNGUARDED_AVAILABILITY = YES_AGGRESSIVE;
				CLANG_WARN_UNREACHABLE_CODE = YES;
				CLANG_WARN__DUPLICATE_METHOD_MATCH = YES;
				CODE_SIGN_IDENTITY = "iPhone Developer";
				COPY_PHASE_STRIP = NO;
				DEBUG_INFORMATION_FORMAT = "dwarf-with-dsym";
				ENABLE_NS_ASSERTIONS = NO;
				ENABLE_STRICT_OBJC_MSGSEND = YES;
				GCC_C_LANGUAGE_STANDARD = gnu11;
				GCC_NO_COMMON_BLOCKS = YES;
				GCC_WARN_64_TO_32_BIT_CONVERSION = YES;
				GCC_WARN_ABOUT_RETURN_TYPE = YES_ERROR;
				GCC_WARN_UNDECLARED_SELECTOR = YES;
				GCC_WARN_UNINITIALIZED_AUTOS = YES_AGGRESSIVE;
				GCC_WARN_UNUSED_FUNCTION = YES;
				GCC_WARN_UNUSED_VARIABLE = YES;
				IPHONEOS_DEPLOYMENT_TARGET = 10.0;
				MTL_ENABLE_DEBUG_INFO = NO;
				MTL_FAST_MATH = YES;
				SDKROOT = iphoneos;
				SWIFT_COMPILATION_MODE = wholemodule;
				SWIFT_OPTIMIZATION_LEVEL = "-O";
				SWIFT_VERSION = 5.0;
				VALIDATE_PRODUCT = YES;
			};
			name = Release;
		};
		7901255D22B29746001F86E8 /* Debug */ = {
			isa = XCBuildConfiguration;
			baseConfigurationReference = B1463547F7E28F4292703C8B /* Pods-EnvironmentSwitcherExample.debug.xcconfig */;
			buildSettings = {
				ASSETCATALOG_COMPILER_APPICON_NAME = AppIcon;
				CODE_SIGN_STYLE = Automatic;
				DEVELOPMENT_TEAM = 74D89J266R;
				INFOPLIST_FILE = EnvironmentSwitcherExample/Info.plist;
				IPHONEOS_DEPLOYMENT_TARGET = 10.0;
				LD_RUNPATH_SEARCH_PATHS = (
					"$(inherited)",
					"@executable_path/Frameworks",
				);
				PRODUCT_BUNDLE_IDENTIFIER = internal.aero.EnvironmentSwitcherExample;
				PRODUCT_NAME = "$(TARGET_NAME)";
				SWIFT_VERSION = 5.0;
				TARGETED_DEVICE_FAMILY = "1,2";
			};
			name = Debug;
		};
		7901255E22B29746001F86E8 /* Release */ = {
			isa = XCBuildConfiguration;
			baseConfigurationReference = E1EEFC4FC0A7BC99ABFC6BAE /* Pods-EnvironmentSwitcherExample.release.xcconfig */;
			buildSettings = {
				ASSETCATALOG_COMPILER_APPICON_NAME = AppIcon;
				CODE_SIGN_STYLE = Automatic;
				DEVELOPMENT_TEAM = 74D89J266R;
				INFOPLIST_FILE = EnvironmentSwitcherExample/Info.plist;
				IPHONEOS_DEPLOYMENT_TARGET = 10.0;
				LD_RUNPATH_SEARCH_PATHS = (
					"$(inherited)",
					"@executable_path/Frameworks",
				);
				PRODUCT_BUNDLE_IDENTIFIER = internal.aero.EnvironmentSwitcherExample;
				PRODUCT_NAME = "$(TARGET_NAME)";
				SWIFT_VERSION = 5.0;
				TARGETED_DEVICE_FAMILY = "1,2";
			};
			name = Release;
		};
		7901256022B29746001F86E8 /* Debug */ = {
			isa = XCBuildConfiguration;
			baseConfigurationReference = 05BAF760B9B7A093DB61EA7D /* Pods-EnvironmentSwitcherExampleTests.debug.xcconfig */;
			buildSettings = {
				ALWAYS_EMBED_SWIFT_STANDARD_LIBRARIES = "$(inherited)";
				BUNDLE_LOADER = "$(TEST_HOST)";
				CODE_SIGN_STYLE = Automatic;
				DEVELOPMENT_TEAM = 74D89J266R;
				INFOPLIST_FILE = EnvironmentSwitcherExampleTests/Info.plist;
				IPHONEOS_DEPLOYMENT_TARGET = 10.0;
				LD_RUNPATH_SEARCH_PATHS = (
					"$(inherited)",
					"@executable_path/Frameworks",
					"@loader_path/Frameworks",
				);
				PRODUCT_BUNDLE_IDENTIFIER = internal.aero.EnvironmentSwitcherExampleTests;
				PRODUCT_NAME = "$(TARGET_NAME)";
				SWIFT_VERSION = 5.0;
				TARGETED_DEVICE_FAMILY = "1,2";
				TEST_HOST = "$(BUILT_PRODUCTS_DIR)/EnvironmentSwitcherExample.app/EnvironmentSwitcherExample";
			};
			name = Debug;
		};
		7901256122B29746001F86E8 /* Release */ = {
			isa = XCBuildConfiguration;
			baseConfigurationReference = 1CDF8F47F045F90EF111BCA3 /* Pods-EnvironmentSwitcherExampleTests.release.xcconfig */;
			buildSettings = {
				ALWAYS_EMBED_SWIFT_STANDARD_LIBRARIES = "$(inherited)";
				BUNDLE_LOADER = "$(TEST_HOST)";
				CODE_SIGN_STYLE = Automatic;
				DEVELOPMENT_TEAM = 74D89J266R;
				INFOPLIST_FILE = EnvironmentSwitcherExampleTests/Info.plist;
				IPHONEOS_DEPLOYMENT_TARGET = 10.0;
				LD_RUNPATH_SEARCH_PATHS = (
					"$(inherited)",
					"@executable_path/Frameworks",
					"@loader_path/Frameworks",
				);
				PRODUCT_BUNDLE_IDENTIFIER = internal.aero.EnvironmentSwitcherExampleTests;
				PRODUCT_NAME = "$(TARGET_NAME)";
				SWIFT_VERSION = 5.0;
				TARGETED_DEVICE_FAMILY = "1,2";
				TEST_HOST = "$(BUILT_PRODUCTS_DIR)/EnvironmentSwitcherExample.app/EnvironmentSwitcherExample";
			};
			name = Release;
		};
		7901256322B29746001F86E8 /* Debug */ = {
			isa = XCBuildConfiguration;
			baseConfigurationReference = 7879ED967F5596116AF2F439 /* Pods-EnvironmentSwitcherExampleUITests.debug.xcconfig */;
			buildSettings = {
				ALWAYS_EMBED_SWIFT_STANDARD_LIBRARIES = "$(inherited)";
				CODE_SIGN_STYLE = Automatic;
				DEVELOPMENT_TEAM = 74D89J266R;
				INFOPLIST_FILE = EnvironmentSwitcherExampleUITests/Info.plist;
				IPHONEOS_DEPLOYMENT_TARGET = 10.0;
				LD_RUNPATH_SEARCH_PATHS = (
					"$(inherited)",
					"@executable_path/Frameworks",
					"@loader_path/Frameworks",
				);
				PRODUCT_BUNDLE_IDENTIFIER = internal.aero.EnvironmentSwitcherExampleUITests;
				PRODUCT_NAME = "$(TARGET_NAME)";
				PROVISIONING_PROFILE = "";
				SWIFT_VERSION = 5.0;
				TARGETED_DEVICE_FAMILY = "1,2";
				TEST_TARGET_NAME = EnvironmentSwitcherExample;
			};
			name = Debug;
		};
		7901256422B29746001F86E8 /* Release */ = {
			isa = XCBuildConfiguration;
			baseConfigurationReference = 9C0CEE51393E4B63FB0AF5AD /* Pods-EnvironmentSwitcherExampleUITests.release.xcconfig */;
			buildSettings = {
				ALWAYS_EMBED_SWIFT_STANDARD_LIBRARIES = "$(inherited)";
				CODE_SIGN_STYLE = Automatic;
				DEVELOPMENT_TEAM = 74D89J266R;
				INFOPLIST_FILE = EnvironmentSwitcherExampleUITests/Info.plist;
				IPHONEOS_DEPLOYMENT_TARGET = 10.0;
				LD_RUNPATH_SEARCH_PATHS = (
					"$(inherited)",
					"@executable_path/Frameworks",
					"@loader_path/Frameworks",
				);
				PRODUCT_BUNDLE_IDENTIFIER = internal.aero.EnvironmentSwitcherExampleUITests;
				PRODUCT_NAME = "$(TARGET_NAME)";
				PROVISIONING_PROFILE = "";
				SWIFT_VERSION = 5.0;
				TARGETED_DEVICE_FAMILY = "1,2";
				TEST_TARGET_NAME = EnvironmentSwitcherExample;
			};
			name = Release;
		};
/* End XCBuildConfiguration section */

/* Begin XCConfigurationList section */
		7901252F22B29745001F86E8 /* Build configuration list for PBXProject "EnvironmentSwitcherExample" */ = {
			isa = XCConfigurationList;
			buildConfigurations = (
				7901255A22B29746001F86E8 /* Debug */,
				7901255B22B29746001F86E8 /* Release */,
			);
			defaultConfigurationIsVisible = 0;
			defaultConfigurationName = Release;
		};
		7901255C22B29746001F86E8 /* Build configuration list for PBXNativeTarget "EnvironmentSwitcherExample" */ = {
			isa = XCConfigurationList;
			buildConfigurations = (
				7901255D22B29746001F86E8 /* Debug */,
				7901255E22B29746001F86E8 /* Release */,
			);
			defaultConfigurationIsVisible = 0;
			defaultConfigurationName = Release;
		};
		7901255F22B29746001F86E8 /* Build configuration list for PBXNativeTarget "EnvironmentSwitcherExampleTests" */ = {
			isa = XCConfigurationList;
			buildConfigurations = (
				7901256022B29746001F86E8 /* Debug */,
				7901256122B29746001F86E8 /* Release */,
			);
			defaultConfigurationIsVisible = 0;
			defaultConfigurationName = Release;
		};
		7901256222B29746001F86E8 /* Build configuration list for PBXNativeTarget "EnvironmentSwitcherExampleUITests" */ = {
			isa = XCConfigurationList;
			buildConfigurations = (
				7901256322B29746001F86E8 /* Debug */,
				7901256422B29746001F86E8 /* Release */,
			);
			defaultConfigurationIsVisible = 0;
			defaultConfigurationName = Release;
		};
/* End XCConfigurationList section */
	};
	rootObject = 7901252C22B29745001F86E8 /* Project object */;
}
